// !$*UTF8*$!
{
	archiveVersion = 1;
	classes = {
	};
	objectVersion = 46;
	objects = {

/* Begin PBXBuildFile section */
		8369A01618F845CE006C92C3 /* Foundation.framework in Frameworks */ = {isa = PBXBuildFile; fileRef = 8369A01518F845CE006C92C3 /* Foundation.framework */; };
		8369A01818F845CE006C92C3 /* CoreGraphics.framework in Frameworks */ = {isa = PBXBuildFile; fileRef = 8369A01718F845CE006C92C3 /* CoreGraphics.framework */; };
		8369A01A18F845CE006C92C3 /* UIKit.framework in Frameworks */ = {isa = PBXBuildFile; fileRef = 8369A01918F845CE006C92C3 /* UIKit.framework */; };
		8369A02018F845CE006C92C3 /* InfoPlist.strings in Resources */ = {isa = PBXBuildFile; fileRef = 8369A01E18F845CE006C92C3 /* InfoPlist.strings */; };
		8369A02218F845CE006C92C3 /* main.m in Sources */ = {isa = PBXBuildFile; fileRef = 8369A02118F845CE006C92C3 /* main.m */; };
		8369A02618F845CE006C92C3 /* AppDelegate.m in Sources */ = {isa = PBXBuildFile; fileRef = 8369A02518F845CE006C92C3 /* AppDelegate.m */; };
		8369A02918F845CE006C92C3 /* Main.storyboard in Resources */ = {isa = PBXBuildFile; fileRef = 8369A02718F845CE006C92C3 /* Main.storyboard */; };
		8369A02C18F845CE006C92C3 /* ViewController.m in Sources */ = {isa = PBXBuildFile; fileRef = 8369A02B18F845CE006C92C3 /* ViewController.m */; };
		8369A02E18F845CE006C92C3 /* Images.xcassets in Resources */ = {isa = PBXBuildFile; fileRef = 8369A02D18F845CE006C92C3 /* Images.xcassets */; };
		8369A03518F845CE006C92C3 /* XCTest.framework in Frameworks */ = {isa = PBXBuildFile; fileRef = 8369A03418F845CE006C92C3 /* XCTest.framework */; };
		8369A03618F845CE006C92C3 /* Foundation.framework in Frameworks */ = {isa = PBXBuildFile; fileRef = 8369A01518F845CE006C92C3 /* Foundation.framework */; };
		8369A03718F845CE006C92C3 /* UIKit.framework in Frameworks */ = {isa = PBXBuildFile; fileRef = 8369A01918F845CE006C92C3 /* UIKit.framework */; };
		8369A03F18F845CE006C92C3 /* InfoPlist.strings in Resources */ = {isa = PBXBuildFile; fileRef = 8369A03D18F845CE006C92C3 /* InfoPlist.strings */; };
		8369A04118F845CE006C92C3 /* ScreenEdgeGestureNavigationControllerTests.m in Sources */ = {isa = PBXBuildFile; fileRef = 8369A04018F845CE006C92C3 /* ScreenEdgeGestureNavigationControllerTests.m */; };
/* End PBXBuildFile section */

/* Begin PBXContainerItemProxy section */
		8369A03818F845CE006C92C3 /* PBXContainerItemProxy */ = {
			isa = PBXContainerItemProxy;
			containerPortal = 8369A00A18F845CE006C92C3 /* Project object */;
			proxyType = 1;
			remoteGlobalIDString = 8369A01118F845CE006C92C3;
			remoteInfo = ScreenEdgeGestureNavigationController;
		};
/* End PBXContainerItemProxy section */

/* Begin PBXFileReference section */
		8369A01218F845CE006C92C3 /* ScreenEdgeGestureNavigationController.app */ = {isa = PBXFileReference; explicitFileType = wrapper.application; includeInIndex = 0; path = ScreenEdgeGestureNavigationController.app; sourceTree = BUILT_PRODUCTS_DIR; };
		8369A01518F845CE006C92C3 /* Foundation.framework */ = {isa = PBXFileReference; lastKnownFileType = wrapper.framework; name = Foundation.framework; path = System/Library/Frameworks/Foundation.framework; sourceTree = SDKROOT; };
		8369A01718F845CE006C92C3 /* CoreGraphics.framework */ = {isa = PBXFileReference; lastKnownFileType = wrapper.framework; name = CoreGraphics.framework; path = System/Library/Frameworks/CoreGraphics.framework; sourceTree = SDKROOT; };
		8369A01918F845CE006C92C3 /* UIKit.framework */ = {isa = PBXFileReference; lastKnownFileType = wrapper.framework; name = UIKit.framework; path = System/Library/Frameworks/UIKit.framework; sourceTree = SDKROOT; };
		8369A01D18F845CE006C92C3 /* ScreenEdgeGestureNavigationController-Info.plist */ = {isa = PBXFileReference; lastKnownFileType = text.plist.xml; path = "ScreenEdgeGestureNavigationController-Info.plist"; sourceTree = "<group>"; };
		8369A01F18F845CE006C92C3 /* en */ = {isa = PBXFileReference; lastKnownFileType = text.plist.strings; name = en; path = en.lproj/InfoPlist.strings; sourceTree = "<group>"; };
		8369A02118F845CE006C92C3 /* main.m */ = {isa = PBXFileReference; lastKnownFileType = sourcecode.c.objc; path = main.m; sourceTree = "<group>"; };
		8369A02318F845CE006C92C3 /* ScreenEdgeGestureNavigationController-Prefix.pch */ = {isa = PBXFileReference; lastKnownFileType = sourcecode.c.h; path = "ScreenEdgeGestureNavigationController-Prefix.pch"; sourceTree = "<group>"; };
		8369A02418F845CE006C92C3 /* AppDelegate.h */ = {isa = PBXFileReference; lastKnownFileType = sourcecode.c.h; path = AppDelegate.h; sourceTree = "<group>"; };
		8369A02518F845CE006C92C3 /* AppDelegate.m */ = {isa = PBXFileReference; lastKnownFileType = sourcecode.c.objc; path = AppDelegate.m; sourceTree = "<group>"; };
		8369A02818F845CE006C92C3 /* Base */ = {isa = PBXFileReference; lastKnownFileType = file.storyboard; name = Base; path = Base.lproj/Main.storyboard; sourceTree = "<group>"; };
		8369A02A18F845CE006C92C3 /* ViewController.h */ = {isa = PBXFileReference; lastKnownFileType = sourcecode.c.h; path = ViewController.h; sourceTree = "<group>"; };
		8369A02B18F845CE006C92C3 /* ViewController.m */ = {isa = PBXFileReference; lastKnownFileType = sourcecode.c.objc; path = ViewController.m; sourceTree = "<group>"; };
		8369A02D18F845CE006C92C3 /* Images.xcassets */ = {isa = PBXFileReference; lastKnownFileType = folder.assetcatalog; path = Images.xcassets; sourceTree = "<group>"; };
		8369A03318F845CE006C92C3 /* ScreenEdgeGestureNavigationControllerTests.xctest */ = {isa = PBXFileReference; explicitFileType = wrapper.cfbundle; includeInIndex = 0; path = ScreenEdgeGestureNavigationControllerTests.xctest; sourceTree = BUILT_PRODUCTS_DIR; };
		8369A03418F845CE006C92C3 /* XCTest.framework */ = {isa = PBXFileReference; lastKnownFileType = wrapper.framework; name = XCTest.framework; path = Library/Frameworks/XCTest.framework; sourceTree = DEVELOPER_DIR; };
		8369A03C18F845CE006C92C3 /* ScreenEdgeGestureNavigationControllerTests-Info.plist */ = {isa = PBXFileReference; lastKnownFileType = text.plist.xml; path = "ScreenEdgeGestureNavigationControllerTests-Info.plist"; sourceTree = "<group>"; };
		8369A03E18F845CE006C92C3 /* en */ = {isa = PBXFileReference; lastKnownFileType = text.plist.strings; name = en; path = en.lproj/InfoPlist.strings; sourceTree = "<group>"; };
		8369A04018F845CE006C92C3 /* ScreenEdgeGestureNavigationControllerTests.m */ = {isa = PBXFileReference; lastKnownFileType = sourcecode.c.objc; path = ScreenEdgeGestureNavigationControllerTests.m; sourceTree = "<group>"; };
/* End PBXFileReference section */

/* Begin PBXFrameworksBuildPhase section */
		8369A00F18F845CE006C92C3 /* Frameworks */ = {
			isa = PBXFrameworksBuildPhase;
			buildActionMask = 2147483647;
			files = (
				8369A01818F845CE006C92C3 /* CoreGraphics.framework in Frameworks */,
				8369A01A18F845CE006C92C3 /* UIKit.framework in Frameworks */,
				8369A01618F845CE006C92C3 /* Foundation.framework in Frameworks */,
			);
			runOnlyForDeploymentPostprocessing = 0;
		};
		8369A03018F845CE006C92C3 /* Frameworks */ = {
			isa = PBXFrameworksBuildPhase;
			buildActionMask = 2147483647;
			files = (
				8369A03518F845CE006C92C3 /* XCTest.framework in Frameworks */,
				8369A03718F845CE006C92C3 /* UIKit.framework in Frameworks */,
				8369A03618F845CE006C92C3 /* Foundation.framework in Frameworks */,
			);
			runOnlyForDeploymentPostprocessing = 0;
		};
/* End PBXFrameworksBuildPhase section */

/* Begin PBXGroup section */
		8369A00918F845CE006C92C3 = {
			isa = PBXGroup;
			children = (
				8369A01B18F845CE006C92C3 /* ScreenEdgeGestureNavigationController */,
				8369A03A18F845CE006C92C3 /* ScreenEdgeGestureNavigationControllerTests */,
				8369A01418F845CE006C92C3 /* Frameworks */,
				8369A01318F845CE006C92C3 /* Products */,
			);
			sourceTree = "<group>";
		};
		8369A01318F845CE006C92C3 /* Products */ = {
			isa = PBXGroup;
			children = (
				8369A01218F845CE006C92C3 /* ScreenEdgeGestureNavigationController.app */,
				8369A03318F845CE006C92C3 /* ScreenEdgeGestureNavigationControllerTests.xctest */,
			);
			name = Products;
			sourceTree = "<group>";
		};
		8369A01418F845CE006C92C3 /* Frameworks */ = {
			isa = PBXGroup;
			children = (
				8369A01518F845CE006C92C3 /* Foundation.framework */,
				8369A01718F845CE006C92C3 /* CoreGraphics.framework */,
				8369A01918F845CE006C92C3 /* UIKit.framework */,
				8369A03418F845CE006C92C3 /* XCTest.framework */,
			);
			name = Frameworks;
			sourceTree = "<group>";
		};
		8369A01B18F845CE006C92C3 /* ScreenEdgeGestureNavigationController */ = {
			isa = PBXGroup;
			children = (
				8369A02418F845CE006C92C3 /* AppDelegate.h */,
				8369A02518F845CE006C92C3 /* AppDelegate.m */,
				8369A02718F845CE006C92C3 /* Main.storyboard */,
				8369A02A18F845CE006C92C3 /* ViewController.h */,
				8369A02B18F845CE006C92C3 /* ViewController.m */,
				8369A02D18F845CE006C92C3 /* Images.xcassets */,
				8369A01C18F845CE006C92C3 /* Supporting Files */,
			);
			path = ScreenEdgeGestureNavigationController;
			sourceTree = "<group>";
		};
		8369A01C18F845CE006C92C3 /* Supporting Files */ = {
			isa = PBXGroup;
			children = (
				8369A01D18F845CE006C92C3 /* ScreenEdgeGestureNavigationController-Info.plist */,
				8369A01E18F845CE006C92C3 /* InfoPlist.strings */,
				8369A02118F845CE006C92C3 /* main.m */,
				8369A02318F845CE006C92C3 /* ScreenEdgeGestureNavigationController-Prefix.pch */,
			);
			name = "Supporting Files";
			sourceTree = "<group>";
		};
		8369A03A18F845CE006C92C3 /* ScreenEdgeGestureNavigationControllerTests */ = {
			isa = PBXGroup;
			children = (
				8369A04018F845CE006C92C3 /* ScreenEdgeGestureNavigationControllerTests.m */,
				8369A03B18F845CE006C92C3 /* Supporting Files */,
			);
			path = ScreenEdgeGestureNavigationControllerTests;
			sourceTree = "<group>";
		};
		8369A03B18F845CE006C92C3 /* Supporting Files */ = {
			isa = PBXGroup;
			children = (
				8369A03C18F845CE006C92C3 /* ScreenEdgeGestureNavigationControllerTests-Info.plist */,
				8369A03D18F845CE006C92C3 /* InfoPlist.strings */,
			);
			name = "Supporting Files";
			sourceTree = "<group>";
		};
/* End PBXGroup section */

/* Begin PBXNativeTarget section */
		8369A01118F845CE006C92C3 /* ScreenEdgeGestureNavigationController */ = {
			isa = PBXNativeTarget;
			buildConfigurationList = 8369A04418F845CE006C92C3 /* Build configuration list for PBXNativeTarget "ScreenEdgeGestureNavigationController" */;
			buildPhases = (
				8369A00E18F845CE006C92C3 /* Sources */,
				8369A00F18F845CE006C92C3 /* Frameworks */,
				8369A01018F845CE006C92C3 /* Resources */,
			);
			buildRules = (
			);
			dependencies = (
			);
			name = ScreenEdgeGestureNavigationController;
			productName = ScreenEdgeGestureNavigationController;
			productReference = 8369A01218F845CE006C92C3 /* ScreenEdgeGestureNavigationController.app */;
			productType = "com.apple.product-type.application";
		};
		8369A03218F845CE006C92C3 /* ScreenEdgeGestureNavigationControllerTests */ = {
			isa = PBXNativeTarget;
			buildConfigurationList = 8369A04718F845CE006C92C3 /* Build configuration list for PBXNativeTarget "ScreenEdgeGestureNavigationControllerTests" */;
			buildPhases = (
				8369A02F18F845CE006C92C3 /* Sources */,
				8369A03018F845CE006C92C3 /* Frameworks */,
				8369A03118F845CE006C92C3 /* Resources */,
			);
			buildRules = (
			);
			dependencies = (
				8369A03918F845CE006C92C3 /* PBXTargetDependency */,
			);
			name = ScreenEdgeGestureNavigationControllerTests;
			productName = ScreenEdgeGestureNavigationControllerTests;
			productReference = 8369A03318F845CE006C92C3 /* ScreenEdgeGestureNavigationControllerTests.xctest */;
			productType = "com.apple.product-type.bundle.unit-test";
		};
/* End PBXNativeTarget section */

/* Begin PBXProject section */
		8369A00A18F845CE006C92C3 /* Project object */ = {
			isa = PBXProject;
			attributes = {
				LastUpgradeCheck = 0510;
				ORGANIZATIONNAME = "Robert Ryan";
				TargetAttributes = {
					8369A03218F845CE006C92C3 = {
						TestTargetID = 8369A01118F845CE006C92C3;
					};
				};
			};
			buildConfigurationList = 8369A00D18F845CE006C92C3 /* Build configuration list for PBXProject "ScreenEdgeGestureNavigationController" */;
			compatibilityVersion = "Xcode 3.2";
			developmentRegion = English;
			hasScannedForEncodings = 0;
			knownRegions = (
				en,
				Base,
			);
			mainGroup = 8369A00918F845CE006C92C3;
			productRefGroup = 8369A01318F845CE006C92C3 /* Products */;
			projectDirPath = "";
			projectRoot = "";
			targets = (
				8369A01118F845CE006C92C3 /* ScreenEdgeGestureNavigationController */,
				8369A03218F845CE006C92C3 /* ScreenEdgeGestureNavigationControllerTests */,
			);
		};
/* End PBXProject section */

/* Begin PBXResourcesBuildPhase section */
		8369A01018F845CE006C92C3 /* Resources */ = {
			isa = PBXResourcesBuildPhase;
			buildActionMask = 2147483647;
			files = (
				8369A02E18F845CE006C92C3 /* Images.xcassets in Resources */,
				8369A02018F845CE006C92C3 /* InfoPlist.strings in Resources */,
				8369A02918F845CE006C92C3 /* Main.storyboard in Resources */,
			);
			runOnlyForDeploymentPostprocessing = 0;
		};
		8369A03118F845CE006C92C3 /* Resources */ = {
			isa = PBXResourcesBuildPhase;
			buildActionMask = 2147483647;
			files = (
				8369A03F18F845CE006C92C3 /* InfoPlist.strings in Resources */,
			);
			runOnlyForDeploymentPostprocessing = 0;
		};
/* End PBXResourcesBuildPhase section */

/* Begin PBXSourcesBuildPhase section */
		8369A00E18F845CE006C92C3 /* Sources */ = {
			isa = PBXSourcesBuildPhase;
			buildActionMask = 2147483647;
			files = (
				8369A02C18F845CE006C92C3 /* ViewController.m in Sources */,
				8369A02618F845CE006C92C3 /* AppDelegate.m in Sources */,
				8369A02218F845CE006C92C3 /* main.m in Sources */,
			);
			runOnlyForDeploymentPostprocessing = 0;
		};
		8369A02F18F845CE006C92C3 /* Sources */ = {
			isa = PBXSourcesBuildPhase;
			buildActionMask = 2147483647;
			files = (
				8369A04118F845CE006C92C3 /* ScreenEdgeGestureNavigationControllerTests.m in Sources */,
			);
			runOnlyForDeploymentPostprocessing = 0;
		};
/* End PBXSourcesBuildPhase section */

/* Begin PBXTargetDependency section */
		8369A03918F845CE006C92C3 /* PBXTargetDependency */ = {
			isa = PBXTargetDependency;
			target = 8369A01118F845CE006C92C3 /* ScreenEdgeGestureNavigationController */;
			targetProxy = 8369A03818F845CE006C92C3 /* PBXContainerItemProxy */;
		};
/* End PBXTargetDependency section */

/* Begin PBXVariantGroup section */
		8369A01E18F845CE006C92C3 /* InfoPlist.strings */ = {
			isa = PBXVariantGroup;
			children = (
				8369A01F18F845CE006C92C3 /* en */,
			);
			name = InfoPlist.strings;
			sourceTree = "<group>";
		};
		8369A02718F845CE006C92C3 /* Main.storyboard */ = {
			isa = PBXVariantGroup;
			children = (
				8369A02818F845CE006C92C3 /* Base */,
			);
			name = Main.storyboard;
			sourceTree = "<group>";
		};
		8369A03D18F845CE006C92C3 /* InfoPlist.strings */ = {
			isa = PBXVariantGroup;
			children = (
				8369A03E18F845CE006C92C3 /* en */,
			);
			name = InfoPlist.strings;
			sourceTree = "<group>";
		};
/* End PBXVariantGroup section */

/* Begin XCBuildConfiguration section */
		8369A04218F845CE006C92C3 /* Debug */ = {
			isa = XCBuildConfiguration;
			buildSettings = {
				ALWAYS_SEARCH_USER_PATHS = NO;
				CLANG_CXX_LANGUAGE_STANDARD = "gnu++0x";
				CLANG_CXX_LIBRARY = "libc++";
				CLANG_ENABLE_MODULES = YES;
				CLANG_ENABLE_OBJC_ARC = YES;
				CLANG_WARN_BOOL_CONVERSION = YES;
				CLANG_WARN_CONSTANT_CONVERSION = YES;
				CLANG_WARN_DIRECT_OBJC_ISA_USAGE = YES_ERROR;
				CLANG_WARN_EMPTY_BODY = YES;
				CLANG_WARN_ENUM_CONVERSION = YES;
				CLANG_WARN_INT_CONVERSION = YES;
				CLANG_WARN_OBJC_ROOT_CLASS = YES_ERROR;
				CLANG_WARN__DUPLICATE_METHOD_MATCH = YES;
				"CODE_SIGN_IDENTITY[sdk=iphoneos*]" = "iPhone Developer";
				COPY_PHASE_STRIP = NO;
				GCC_C_LANGUAGE_STANDARD = gnu99;
				GCC_DYNAMIC_NO_PIC = NO;
				GCC_OPTIMIZATION_LEVEL = 0;
				GCC_PREPROCESSOR_DEFINITIONS = (
					"DEBUG=1",
					"$(inherited)",
				);
				GCC_SYMBOLS_PRIVATE_EXTERN = NO;
				GCC_WARN_64_TO_32_BIT_CONVERSION = YES;
				GCC_WARN_ABOUT_RETURN_TYPE = YES_ERROR;
				GCC_WARN_UNDECLARED_SELECTOR = YES;
				GCC_WARN_UNINITIALIZED_AUTOS = YES_AGGRESSIVE;
				GCC_WARN_UNUSED_FUNCTION = YES;
				GCC_WARN_UNUSED_VARIABLE = YES;
				IPHONEOS_DEPLOYMENT_TARGET = 7.1;
				ONLY_ACTIVE_ARCH = YES;
				SDKROOT = iphoneos;
			};
			name = Debug;
		};
		8369A04318F845CE006C92C3 /* Release */ = {
			isa = XCBuildConfiguration;
			buildSettings = {
				ALWAYS_SEARCH_USER_PATHS = NO;
				CLANG_CXX_LANGUAGE_STANDARD = "gnu++0x";
				CLANG_CXX_LIBRARY = "libc++";
				CLANG_ENABLE_MODULES = YES;
				CLANG_ENABLE_OBJC_ARC = YES;
				CLANG_WARN_BOOL_CONVERSION = YES;
				CLANG_WARN_CONSTANT_CONVERSION = YES;
				CLANG_WARN_DIRECT_OBJC_ISA_USAGE = YES_ERROR;
				CLANG_WARN_EMPTY_BODY = YES;
				CLANG_WARN_ENUM_CONVERSION = YES;
				CLANG_WARN_INT_CONVERSION = YES;
				CLANG_WARN_OBJC_ROOT_CLASS = YES_ERROR;
				CLANG_WARN__DUPLICATE_METHOD_MATCH = YES;
				"CODE_SIGN_IDENTITY[sdk=iphoneos*]" = "iPhone Developer";
				COPY_PHASE_STRIP = YES;
				ENABLE_NS_ASSERTIONS = NO;
				GCC_C_LANGUAGE_STANDARD = gnu99;
				GCC_WARN_64_TO_32_BIT_CONVERSION = YES;
				GCC_WARN_ABOUT_RETURN_TYPE = YES_ERROR;
				GCC_WARN_UNDECLARED_SELECTOR = YES;
				GCC_WARN_UNINITIALIZED_AUTOS = YES_AGGRESSIVE;
				GCC_WARN_UNUSED_FUNCTION = YES;
				GCC_WARN_UNUSED_VARIABLE = YES;
				IPHONEOS_DEPLOYMENT_TARGET = 7.1;
				SDKROOT = iphoneos;
				VALIDATE_PRODUCT = YES;
			};
			name = Release;
		};
		8369A04518F845CE006C92C3 /* Debug */ = {
			isa = XCBuildConfiguration;
			buildSettings = {
				ASSETCATALOG_COMPILER_APPICON_NAME = AppIcon;
				ASSETCATALOG_COMPILER_LAUNCHIMAGE_NAME = LaunchImage;
				GCC_PRECOMPILE_PREFIX_HEADER = YES;
				GCC_PREFIX_HEADER = "ScreenEdgeGestureNavigationController/ScreenEdgeGestureNavigationController-Prefix.pch";
				INFOPLIST_FILE = "ScreenEdgeGestureNavigationController/ScreenEdgeGestureNavigationController-Info.plist";
				PRODUCT_NAME = "$(TARGET_NAME)";
				WRAPPER_EXTENSION = app;
			};
			name = Debug;
		};
		8369A04618F845CE006C92C3 /* Release */ = {
			isa = XCBuildConfiguration;
			buildSettings = {
				ASSETCATALOG_COMPILER_APPICON_NAME = AppIcon;
				ASSETCATALOG_COMPILER_LAUNCHIMAGE_NAME = LaunchImage;
				GCC_PRECOMPILE_PREFIX_HEADER = YES;
				GCC_PREFIX_HEADER = "ScreenEdgeGestureNavigationController/ScreenEdgeGestureNavigationController-Prefix.pch";
				INFOPLIST_FILE = "ScreenEdgeGestureNavigationController/ScreenEdgeGestureNavigationController-Info.plist";
				PRODUCT_NAME = "$(TARGET_NAME)";
				WRAPPER_EXTENSION = app;
			};
			name = Release;
		};
		8369A04818F845CE006C92C3 /* Debug */ = {
			isa = XCBuildConfiguration;
			buildSettings = {
				BUNDLE_LOADER = "$(BUILT_PRODUCTS_DIR)/ScreenEdgeGestureNavigationController.app/ScreenEdgeGestureNavigationController";
				FRAMEWORK_SEARCH_PATHS = (
					"$(SDKROOT)/Developer/Library/Frameworks",
					"$(inherited)",
					"$(DEVELOPER_FRAMEWORKS_DIR)",
				);
				GCC_PRECOMPILE_PREFIX_HEADER = YES;
				GCC_PREFIX_HEADER = "ScreenEdgeGestureNavigationController/ScreenEdgeGestureNavigationController-Prefix.pch";
				GCC_PREPROCESSOR_DEFINITIONS = (
					"DEBUG=1",
					"$(inherited)",
				);
				INFOPLIST_FILE = "ScreenEdgeGestureNavigationControllerTests/ScreenEdgeGestureNavigationControllerTests-Info.plist";
				PRODUCT_NAME = "$(TARGET_NAME)";
				TEST_HOST = "$(BUNDLE_LOADER)";
				WRAPPER_EXTENSION = xctest;
			};
			name = Debug;
		};
		8369A04918F845CE006C92C3 /* Release */ = {
			isa = XCBuildConfiguration;
			buildSettings = {
				BUNDLE_LOADER = "$(BUILT_PRODUCTS_DIR)/ScreenEdgeGestureNavigationController.app/ScreenEdgeGestureNavigationController";
				FRAMEWORK_SEARCH_PATHS = (
					"$(SDKROOT)/Developer/Library/Frameworks",
					"$(inherited)",
					"$(DEVELOPER_FRAMEWORKS_DIR)",
				);
				GCC_PRECOMPILE_PREFIX_HEADER = YES;
				GCC_PREFIX_HEADER = "ScreenEdgeGestureNavigationController/ScreenEdgeGestureNavigationController-Prefix.pch";
				INFOPLIST_FILE = "ScreenEdgeGestureNavigationControllerTests/ScreenEdgeGestureNavigationControllerTests-Info.plist";
				PRODUCT_NAME = "$(TARGET_NAME)";
				TEST_HOST = "$(BUNDLE_LOADER)";
				WRAPPER_EXTENSION = xctest;
			};
			name = Release;
		};
/* End XCBuildConfiguration section */

/* Begin XCConfigurationList section */
		8369A00D18F845CE006C92C3 /* Build configuration list for PBXProject "ScreenEdgeGestureNavigationController" */ = {
			isa = XCConfigurationList;
			buildConfigurations = (
				8369A04218F845CE006C92C3 /* Debug */,
				8369A04318F845CE006C92C3 /* Release */,
			);
			defaultConfigurationIsVisible = 0;
			defaultConfigurationName = Release;
		};
		8369A04418F845CE006C92C3 /* Build configuration list for PBXNativeTarget "ScreenEdgeGestureNavigationController" */ = {
			isa = XCConfigurationList;
			buildConfigurations = (
				8369A04518F845CE006C92C3 /* Debug */,
				8369A04618F845CE006C92C3 /* Release */,
			);
			defaultConfigurationIsVisible = 0;
		};
		8369A04718F845CE006C92C3 /* Build configuration list for PBXNativeTarget "ScreenEdgeGestureNavigationControllerTests" */ = {
			isa = XCConfigurationList;
			buildConfigurations = (
				8369A04818F845CE006C92C3 /* Debug */,
				8369A04918F845CE006C92C3 /* Release */,
			);
			defaultConfigurationIsVisible = 0;
		};
/* End XCConfigurationList section */
	};
	rootObject = 8369A00A18F845CE006C92C3 /* Project object */;
}
