// !$*UTF8*$!
{
	archiveVersion = 1;
	classes = {
	};
	objectVersion = 46;
	objects = {

/* Begin PBXBuildFile section */
		8369A01618F845CE006C92C3 /* Foundation.framework in Frameworks */ = {isa = PBXBuildFile; fileRef = 8369A01518F845CE006C92C3 /* Foundation.framework */; };
		8369A01818F845CE006C92C3 /* CoreGraphics.framework in Frameworks */ = {isa = PBXBuildFile; fileRef = 8369A01718F845CE006C92C3 /* CoreGraphics.framework */; };
		8369A01A18F845CE006C92C3 /* UIKit.framework in Frameworks */ = {isa = PBXBuildFile; fileRef = 8369A01918F845CE006C92C3 /* UIKit.framework */; };
		8369A02018F845CE006C92C3 /* InfoPlist.strings in Resources */ = {isa = PBXBuildFile; fileRef = 8369A01E18F845CE006C92C3 /* InfoPlist.strings */; };
		8369A02218F845CE006C92C3 /* main.m in Sources */ = {isa = PBXBuildFile; fileRef = 8369A02118F845CE006C92C3 /* main.m */; };
		8369A02618F845CE006C92C3 /* AppDelegate.m in Sources */ = {isa = PBXBuildFile; fileRef = 8369A02518F845CE006C92C3 /* AppDelegate.m */; };
		8369A02918F845CE006C92C3 /* Main.storyboard in Resources */ = {isa = PBXBuildFile; fileRef = 8369A02718F845CE006C92C3 /* Main.storyboard */; };
		8369A02E18F845CE006C92C3 /* Images.xcassets in Resources */ = {isa = PBXBuildFile; fileRef = 8369A02D18F845CE006C92C3 /* Images.xcassets */; };
		8369A03518F845CE006C92C3 /* XCTest.framework in Frameworks */ = {isa = PBXBuildFile; fileRef = 8369A03418F845CE006C92C3 /* XCTest.framework */; };
		8369A03618F845CE006C92C3 /* Foundation.framework in Frameworks */ = {isa = PBXBuildFile; fileRef = 8369A01518F845CE006C92C3 /* Foundation.framework */; };
		8369A03718F845CE006C92C3 /* UIKit.framework in Frameworks */ = {isa = PBXBuildFile; fileRef = 8369A01918F845CE006C92C3 /* UIKit.framework */; };
		8369A03F18F845CE006C92C3 /* InfoPlist.strings in Resources */ = {isa = PBXBuildFile; fileRef = 8369A03D18F845CE006C92C3 /* InfoPlist.strings */; };
		8369A04118F845CE006C92C3 /* ScreenEdgeGestureNavigationControllerTests.m in Sources */ = {isa = PBXBuildFile; fileRef = 8369A04018F845CE006C92C3 /* ScreenEdgeGestureNavigationControllerTests.m */; };
		8369A05118F84738006C92C3 /* NoPredefinedOrderViewController.m in Sources */ = {isa = PBXBuildFile; fileRef = 8369A04C18F84738006C92C3 /* NoPredefinedOrderViewController.m */; };
		8369A05218F84738006C92C3 /* PredeterminedOneViewController.m in Sources */ = {isa = PBXBuildFile; fileRef = 8369A04E18F84738006C92C3 /* PredeterminedOneViewController.m */; };
		8369A05318F84738006C92C3 /* PredeterminedTwoViewController.m in Sources */ = {isa = PBXBuildFile; fileRef = 8369A05018F84738006C92C3 /* PredeterminedTwoViewController.m */; };
		8369A05F18F84784006C92C3 /* ScreenEdgeGestureNavigationController.m in Sources */ = {isa = PBXBuildFile; fileRef = 8369A05818F84784006C92C3 /* ScreenEdgeGestureNavigationController.m */; };
		8369A06018F84784006C92C3 /* ScreenEdgeGesturePopAnimator.m in Sources */ = {isa = PBXBuildFile; fileRef = 8369A05A18F84784006C92C3 /* ScreenEdgeGesturePopAnimator.m */; };
		8369A06118F84784006C92C3 /* ScreenEdgeGesturePushAnimator.m in Sources */ = {isa = PBXBuildFile; fileRef = 8369A05C18F84784006C92C3 /* ScreenEdgeGesturePushAnimator.m */; };
		8369A06218F84784006C92C3 /* ScreenEdgeGestureRecognizer.m in Sources */ = {isa = PBXBuildFile; fileRef = 8369A05E18F84784006C92C3 /* ScreenEdgeGestureRecognizer.m */; };
		8369A06818F8513A006C92C3 /* PredeterminedThreeViewController.m in Sources */ = {isa = PBXBuildFile; fileRef = 8369A06718F8513A006C92C3 /* PredeterminedThreeViewController.m */; };
		8369A06B18F851A7006C92C3 /* MainViewController.m in Sources */ = {isa = PBXBuildFile; fileRef = 8369A06A18F851A7006C92C3 /* MainViewController.m */; };
		8369A06E18F854CB006C92C3 /* StandardOneViewController.m in Sources */ = {isa = PBXBuildFile; fileRef = 8369A06D18F854CB006C92C3 /* StandardOneViewController.m */; };
		8369A07118F854E1006C92C3 /* StandardTwoViewController.m in Sources */ = {isa = PBXBuildFile; fileRef = 8369A07018F854E1006C92C3 /* StandardTwoViewController.m */; };
		8369A07418F854F9006C92C3 /* StandardThreeViewController.m in Sources */ = {isa = PBXBuildFile; fileRef = 8369A07318F854F9006C92C3 /* StandardThreeViewController.m */; };
/* End PBXBuildFile section */

/* Begin PBXContainerItemProxy section */
		8369A03818F845CE006C92C3 /* PBXContainerItemProxy */ = {
			isa = PBXContainerItemProxy;
			containerPortal = 8369A00A18F845CE006C92C3 /* Project object */;
			proxyType = 1;
			remoteGlobalIDString = 8369A01118F845CE006C92C3;
			remoteInfo = ScreenEdgeGestureNavigationController;
		};
/* End PBXContainerItemProxy section */

/* Begin PBXFileReference section */
		8369A01218F845CE006C92C3 /* ScreenEdgeGestureNavigationController.app */ = {isa = PBXFileReference; explicitFileType = wrapper.application; includeInIndex = 0; path = ScreenEdgeGestureNavigationController.app; sourceTree = BUILT_PRODUCTS_DIR; };
		8369A01518F845CE006C92C3 /* Foundation.framework */ = {isa = PBXFileReference; lastKnownFileType = wrapper.framework; name = Foundation.framework; path = System/Library/Frameworks/Foundation.framework; sourceTree = SDKROOT; };
		8369A01718F845CE006C92C3 /* CoreGraphics.framework */ = {isa = PBXFileReference; lastKnownFileType = wrapper.framework; name = CoreGraphics.framework; path = System/Library/Frameworks/CoreGraphics.framework; sourceTree = SDKROOT; };
		8369A01918F845CE006C92C3 /* UIKit.framework */ = {isa = PBXFileReference; lastKnownFileType = wrapper.framework; name = UIKit.framework; path = System/Library/Frameworks/UIKit.framework; sourceTree = SDKROOT; };
		8369A01D18F845CE006C92C3 /* ScreenEdgeGestureNavigationController-Info.plist */ = {isa = PBXFileReference; lastKnownFileType = text.plist.xml; name = "ScreenEdgeGestureNavigationController-Info.plist"; path = "Demonstration/ScreenEdgeGestureNavigationController-Info.plist"; sourceTree = "<group>"; };
		8369A01F18F845CE006C92C3 /* en */ = {isa = PBXFileReference; lastKnownFileType = text.plist.strings; name = en; path = en.lproj/InfoPlist.strings; sourceTree = "<group>"; };
		8369A02118F845CE006C92C3 /* main.m */ = {isa = PBXFileReference; lastKnownFileType = sourcecode.c.objc; name = main.m; path = Demonstration/main.m; sourceTree = "<group>"; };
		8369A02318F845CE006C92C3 /* ScreenEdgeGestureNavigationController-Prefix.pch */ = {isa = PBXFileReference; lastKnownFileType = sourcecode.c.h; name = "ScreenEdgeGestureNavigationController-Prefix.pch"; path = "Demonstration/ScreenEdgeGestureNavigationController-Prefix.pch"; sourceTree = "<group>"; };
		8369A02418F845CE006C92C3 /* AppDelegate.h */ = {isa = PBXFileReference; lastKnownFileType = sourcecode.c.h; name = AppDelegate.h; path = Demonstration/AppDelegate.h; sourceTree = "<group>"; };
		8369A02518F845CE006C92C3 /* AppDelegate.m */ = {isa = PBXFileReference; lastKnownFileType = sourcecode.c.objc; name = AppDelegate.m; path = Demonstration/AppDelegate.m; sourceTree = "<group>"; };
		8369A02818F845CE006C92C3 /* Base */ = {isa = PBXFileReference; lastKnownFileType = file.storyboard; name = Base; path = Base.lproj/Main.storyboard; sourceTree = "<group>"; };
		8369A02D18F845CE006C92C3 /* Images.xcassets */ = {isa = PBXFileReference; lastKnownFileType = folder.assetcatalog; path = Images.xcassets; sourceTree = "<group>"; };
		8369A03318F845CE006C92C3 /* ScreenEdgeGestureNavigationControllerTests.xctest */ = {isa = PBXFileReference; explicitFileType = wrapper.cfbundle; includeInIndex = 0; path = ScreenEdgeGestureNavigationControllerTests.xctest; sourceTree = BUILT_PRODUCTS_DIR; };
		8369A03418F845CE006C92C3 /* XCTest.framework */ = {isa = PBXFileReference; lastKnownFileType = wrapper.framework; name = XCTest.framework; path = Library/Frameworks/XCTest.framework; sourceTree = DEVELOPER_DIR; };
		8369A03C18F845CE006C92C3 /* ScreenEdgeGestureNavigationControllerTests-Info.plist */ = {isa = PBXFileReference; lastKnownFileType = text.plist.xml; path = "ScreenEdgeGestureNavigationControllerTests-Info.plist"; sourceTree = "<group>"; };
		8369A03E18F845CE006C92C3 /* en */ = {isa = PBXFileReference; lastKnownFileType = text.plist.strings; name = en; path = en.lproj/InfoPlist.strings; sourceTree = "<group>"; };
		8369A04018F845CE006C92C3 /* ScreenEdgeGestureNavigationControllerTests.m */ = {isa = PBXFileReference; lastKnownFileType = sourcecode.c.objc; path = ScreenEdgeGestureNavigationControllerTests.m; sourceTree = "<group>"; };
		8369A04B18F84738006C92C3 /* NoPredefinedOrderViewController.h */ = {isa = PBXFileReference; fileEncoding = 4; lastKnownFileType = sourcecode.c.h; name = NoPredefinedOrderViewController.h; path = Demonstration/NoPredefinedOrderViewController.h; sourceTree = "<group>"; };
		8369A04C18F84738006C92C3 /* NoPredefinedOrderViewController.m */ = {isa = PBXFileReference; fileEncoding = 4; lastKnownFileType = sourcecode.c.objc; name = NoPredefinedOrderViewController.m; path = Demonstration/NoPredefinedOrderViewController.m; sourceTree = "<group>"; };
		8369A04D18F84738006C92C3 /* PredeterminedOneViewController.h */ = {isa = PBXFileReference; fileEncoding = 4; lastKnownFileType = sourcecode.c.h; name = PredeterminedOneViewController.h; path = Demonstration/PredeterminedOneViewController.h; sourceTree = "<group>"; };
		8369A04E18F84738006C92C3 /* PredeterminedOneViewController.m */ = {isa = PBXFileReference; fileEncoding = 4; lastKnownFileType = sourcecode.c.objc; name = PredeterminedOneViewController.m; path = Demonstration/PredeterminedOneViewController.m; sourceTree = "<group>"; };
		8369A04F18F84738006C92C3 /* PredeterminedTwoViewController.h */ = {isa = PBXFileReference; fileEncoding = 4; lastKnownFileType = sourcecode.c.h; name = PredeterminedTwoViewController.h; path = Demonstration/PredeterminedTwoViewController.h; sourceTree = "<group>"; };
		8369A05018F84738006C92C3 /* PredeterminedTwoViewController.m */ = {isa = PBXFileReference; fileEncoding = 4; lastKnownFileType = sourcecode.c.objc; name = PredeterminedTwoViewController.m; path = Demonstration/PredeterminedTwoViewController.m; sourceTree = "<group>"; };
		8369A05718F84784006C92C3 /* ScreenEdgeGestureNavigationController.h */ = {isa = PBXFileReference; fileEncoding = 4; lastKnownFileType = sourcecode.c.h; path = ScreenEdgeGestureNavigationController.h; sourceTree = "<group>"; };
		8369A05818F84784006C92C3 /* ScreenEdgeGestureNavigationController.m */ = {isa = PBXFileReference; fileEncoding = 4; lastKnownFileType = sourcecode.c.objc; path = ScreenEdgeGestureNavigationController.m; sourceTree = "<group>"; };
		8369A05918F84784006C92C3 /* ScreenEdgeGesturePopAnimator.h */ = {isa = PBXFileReference; fileEncoding = 4; lastKnownFileType = sourcecode.c.h; path = ScreenEdgeGesturePopAnimator.h; sourceTree = "<group>"; };
		8369A05A18F84784006C92C3 /* ScreenEdgeGesturePopAnimator.m */ = {isa = PBXFileReference; fileEncoding = 4; lastKnownFileType = sourcecode.c.objc; path = ScreenEdgeGesturePopAnimator.m; sourceTree = "<group>"; };
		8369A05B18F84784006C92C3 /* ScreenEdgeGesturePushAnimator.h */ = {isa = PBXFileReference; fileEncoding = 4; lastKnownFileType = sourcecode.c.h; path = ScreenEdgeGesturePushAnimator.h; sourceTree = "<group>"; };
		8369A05C18F84784006C92C3 /* ScreenEdgeGesturePushAnimator.m */ = {isa = PBXFileReference; fileEncoding = 4; lastKnownFileType = sourcecode.c.objc; path = ScreenEdgeGesturePushAnimator.m; sourceTree = "<group>"; };
		8369A05D18F84784006C92C3 /* ScreenEdgeGestureRecognizer.h */ = {isa = PBXFileReference; fileEncoding = 4; lastKnownFileType = sourcecode.c.h; path = ScreenEdgeGestureRecognizer.h; sourceTree = "<group>"; };
		8369A05E18F84784006C92C3 /* ScreenEdgeGestureRecognizer.m */ = {isa = PBXFileReference; fileEncoding = 4; lastKnownFileType = sourcecode.c.objc; path = ScreenEdgeGestureRecognizer.m; sourceTree = "<group>"; };
		8369A06318F847B4006C92C3 /* README.md */ = {isa = PBXFileReference; lastKnownFileType = text; path = README.md; sourceTree = "<group>"; };
		8369A06618F8513A006C92C3 /* PredeterminedThreeViewController.h */ = {isa = PBXFileReference; fileEncoding = 4; lastKnownFileType = sourcecode.c.h; name = PredeterminedThreeViewController.h; path = Demonstration/PredeterminedThreeViewController.h; sourceTree = "<group>"; };
		8369A06718F8513A006C92C3 /* PredeterminedThreeViewController.m */ = {isa = PBXFileReference; fileEncoding = 4; lastKnownFileType = sourcecode.c.objc; name = PredeterminedThreeViewController.m; path = Demonstration/PredeterminedThreeViewController.m; sourceTree = "<group>"; };
		8369A06918F851A7006C92C3 /* MainViewController.h */ = {isa = PBXFileReference; fileEncoding = 4; lastKnownFileType = sourcecode.c.h; name = MainViewController.h; path = Demonstration/MainViewController.h; sourceTree = "<group>"; };
		8369A06A18F851A7006C92C3 /* MainViewController.m */ = {isa = PBXFileReference; fileEncoding = 4; lastKnownFileType = sourcecode.c.objc; name = MainViewController.m; path = Demonstration/MainViewController.m; sourceTree = "<group>"; };
		8369A06C18F854CB006C92C3 /* StandardOneViewController.h */ = {isa = PBXFileReference; fileEncoding = 4; lastKnownFileType = sourcecode.c.h; name = StandardOneViewController.h; path = Demonstration/StandardOneViewController.h; sourceTree = "<group>"; };
		8369A06D18F854CB006C92C3 /* StandardOneViewController.m */ = {isa = PBXFileReference; fileEncoding = 4; lastKnownFileType = sourcecode.c.objc; name = StandardOneViewController.m; path = Demonstration/StandardOneViewController.m; sourceTree = "<group>"; };
		8369A06F18F854E1006C92C3 /* StandardTwoViewController.h */ = {isa = PBXFileReference; fileEncoding = 4; lastKnownFileType = sourcecode.c.h; name = StandardTwoViewController.h; path = Demonstration/StandardTwoViewController.h; sourceTree = "<group>"; };
		8369A07018F854E1006C92C3 /* StandardTwoViewController.m */ = {isa = PBXFileReference; fileEncoding = 4; lastKnownFileType = sourcecode.c.objc; name = StandardTwoViewController.m; path = Demonstration/StandardTwoViewController.m; sourceTree = "<group>"; };
		8369A07218F854F9006C92C3 /* StandardThreeViewController.h */ = {isa = PBXFileReference; fileEncoding = 4; lastKnownFileType = sourcecode.c.h; name = StandardThreeViewController.h; path = Demonstration/StandardThreeViewController.h; sourceTree = "<group>"; };
		8369A07318F854F9006C92C3 /* StandardThreeViewController.m */ = {isa = PBXFileReference; fileEncoding = 4; lastKnownFileType = sourcecode.c.objc; name = StandardThreeViewController.m; path = Demonstration/StandardThreeViewController.m; sourceTree = "<group>"; };
/* End PBXFileReference section */

/* Begin PBXFrameworksBuildPhase section */
		8369A00F18F845CE006C92C3 /* Frameworks */ = {
			isa = PBXFrameworksBuildPhase;
			buildActionMask = 2147483647;
			files = (
				8369A01818F845CE006C92C3 /* CoreGraphics.framework in Frameworks */,
				8369A01A18F845CE006C92C3 /* UIKit.framework in Frameworks */,
				8369A01618F845CE006C92C3 /* Foundation.framework in Frameworks */,
			);
			runOnlyForDeploymentPostprocessing = 0;
		};
		8369A03018F845CE006C92C3 /* Frameworks */ = {
			isa = PBXFrameworksBuildPhase;
			buildActionMask = 2147483647;
			files = (
				8369A03518F845CE006C92C3 /* XCTest.framework in Frameworks */,
				8369A03718F845CE006C92C3 /* UIKit.framework in Frameworks */,
				8369A03618F845CE006C92C3 /* Foundation.framework in Frameworks */,
			);
			runOnlyForDeploymentPostprocessing = 0;
		};
/* End PBXFrameworksBuildPhase section */

/* Begin PBXGroup section */
		8369A00918F845CE006C92C3 = {
			isa = PBXGroup;
			children = (
				8369A06318F847B4006C92C3 /* README.md */,
				8369A01B18F845CE006C92C3 /* ScreenEdgeGestureNavigationController */,
				8369A03A18F845CE006C92C3 /* ScreenEdgeGestureNavigationControllerTests */,
				8369A01418F845CE006C92C3 /* Frameworks */,
				8369A01318F845CE006C92C3 /* Products */,
			);
			sourceTree = "<group>";
		};
		8369A01318F845CE006C92C3 /* Products */ = {
			isa = PBXGroup;
			children = (
				8369A01218F845CE006C92C3 /* ScreenEdgeGestureNavigationController.app */,
				8369A03318F845CE006C92C3 /* ScreenEdgeGestureNavigationControllerTests.xctest */,
			);
			name = Products;
			sourceTree = "<group>";
		};
		8369A01418F845CE006C92C3 /* Frameworks */ = {
			isa = PBXGroup;
			children = (
				8369A01518F845CE006C92C3 /* Foundation.framework */,
				8369A01718F845CE006C92C3 /* CoreGraphics.framework */,
				8369A01918F845CE006C92C3 /* UIKit.framework */,
				8369A03418F845CE006C92C3 /* XCTest.framework */,
			);
			name = Frameworks;
			sourceTree = "<group>";
		};
		8369A01B18F845CE006C92C3 /* ScreenEdgeGestureNavigationController */ = {
			isa = PBXGroup;
			children = (
				8369A05618F84784006C92C3 /* ScreenEdgeGestureNavigationController */,
				8369A04A18F846D7006C92C3 /* Demonstration */,
			);
			path = ScreenEdgeGestureNavigationController;
			sourceTree = "<group>";
		};
		8369A01C18F845CE006C92C3 /* Supporting Files */ = {
			isa = PBXGroup;
			children = (
				8369A01D18F845CE006C92C3 /* ScreenEdgeGestureNavigationController-Info.plist */,
				8369A01E18F845CE006C92C3 /* InfoPlist.strings */,
				8369A02118F845CE006C92C3 /* main.m */,
				8369A02318F845CE006C92C3 /* ScreenEdgeGestureNavigationController-Prefix.pch */,
			);
			name = "Supporting Files";
			sourceTree = "<group>";
		};
		8369A03A18F845CE006C92C3 /* ScreenEdgeGestureNavigationControllerTests */ = {
			isa = PBXGroup;
			children = (
				8369A04018F845CE006C92C3 /* ScreenEdgeGestureNavigationControllerTests.m */,
				8369A03B18F845CE006C92C3 /* Supporting Files */,
			);
			path = ScreenEdgeGestureNavigationControllerTests;
			sourceTree = "<group>";
		};
		8369A03B18F845CE006C92C3 /* Supporting Files */ = {
			isa = PBXGroup;
			children = (
				8369A03C18F845CE006C92C3 /* ScreenEdgeGestureNavigationControllerTests-Info.plist */,
				8369A03D18F845CE006C92C3 /* InfoPlist.strings */,
			);
			name = "Supporting Files";
			sourceTree = "<group>";
		};
		8369A04A18F846D7006C92C3 /* Demonstration */ = {
			isa = PBXGroup;
			children = (
				8369A02418F845CE006C92C3 /* AppDelegate.h */,
				8369A02518F845CE006C92C3 /* AppDelegate.m */,
				8369A02718F845CE006C92C3 /* Main.storyboard */,
				8369A05418F8473E006C92C3 /* View Controllers */,
				8369A02D18F845CE006C92C3 /* Images.xcassets */,
				8369A01C18F845CE006C92C3 /* Supporting Files */,
			);
			name = Demonstration;
			sourceTree = "<group>";
		};
		8369A05418F8473E006C92C3 /* View Controllers */ = {
			isa = PBXGroup;
			children = (
				8369A06918F851A7006C92C3 /* MainViewController.h */,
				8369A06A18F851A7006C92C3 /* MainViewController.m */,
				8369A06418F84F2E006C92C3 /* No Predetermined "Next" Controller */,
				8369A06518F84F40006C92C3 /* Predetermined "Next" Controllers */,
				8369A07518F85504006C92C3 /* Standard Push View Controllers */,
			);
			name = "View Controllers";
			sourceTree = "<group>";
		};
		8369A05618F84784006C92C3 /* ScreenEdgeGestureNavigationController */ = {
			isa = PBXGroup;
			children = (
				8369A05718F84784006C92C3 /* ScreenEdgeGestureNavigationController.h */,
				8369A05818F84784006C92C3 /* ScreenEdgeGestureNavigationController.m */,
				8369A05918F84784006C92C3 /* ScreenEdgeGesturePopAnimator.h */,
				8369A05A18F84784006C92C3 /* ScreenEdgeGesturePopAnimator.m */,
				8369A05B18F84784006C92C3 /* ScreenEdgeGesturePushAnimator.h */,
				8369A05C18F84784006C92C3 /* ScreenEdgeGesturePushAnimator.m */,
				8369A05D18F84784006C92C3 /* ScreenEdgeGestureRecognizer.h */,
				8369A05E18F84784006C92C3 /* ScreenEdgeGestureRecognizer.m */,
			);
			path = ScreenEdgeGestureNavigationController;
			sourceTree = "<group>";
		};
		8369A06418F84F2E006C92C3 /* No Predetermined "Next" Controller */ = {
			isa = PBXGroup;
			children = (
				8369A04B18F84738006C92C3 /* NoPredefinedOrderViewController.h */,
				8369A04C18F84738006C92C3 /* NoPredefinedOrderViewController.m */,
			);
			name = "No Predetermined \"Next\" Controller";
			sourceTree = "<group>";
		};
		8369A06518F84F40006C92C3 /* Predetermined "Next" Controllers */ = {
			isa = PBXGroup;
			children = (
				8369A04D18F84738006C92C3 /* PredeterminedOneViewController.h */,
				8369A04E18F84738006C92C3 /* PredeterminedOneViewController.m */,
				8369A04F18F84738006C92C3 /* PredeterminedTwoViewController.h */,
				8369A05018F84738006C92C3 /* PredeterminedTwoViewController.m */,
				8369A06618F8513A006C92C3 /* PredeterminedThreeViewController.h */,
				8369A06718F8513A006C92C3 /* PredeterminedThreeViewController.m */,
			);
			name = "Predetermined \"Next\" Controllers";
			sourceTree = "<group>";
		};
		8369A07518F85504006C92C3 /* Standard Push View Controllers */ = {
			isa = PBXGroup;
			children = (
				8369A06C18F854CB006C92C3 /* StandardOneViewController.h */,
				8369A06D18F854CB006C92C3 /* StandardOneViewController.m */,
				8369A06F18F854E1006C92C3 /* StandardTwoViewController.h */,
				8369A07018F854E1006C92C3 /* StandardTwoViewController.m */,
				8369A07218F854F9006C92C3 /* StandardThreeViewController.h */,
				8369A07318F854F9006C92C3 /* StandardThreeViewController.m */,
			);
			name = "Standard Push View Controllers";
			sourceTree = "<group>";
		};
/* End PBXGroup section */

/* Begin PBXNativeTarget section */
		8369A01118F845CE006C92C3 /* ScreenEdgeGestureNavigationController */ = {
			isa = PBXNativeTarget;
			buildConfigurationList = 8369A04418F845CE006C92C3 /* Build configuration list for PBXNativeTarget "ScreenEdgeGestureNavigationController" */;
			buildPhases = (
				8369A00E18F845CE006C92C3 /* Sources */,
				8369A00F18F845CE006C92C3 /* Frameworks */,
				8369A01018F845CE006C92C3 /* Resources */,
			);
			buildRules = (
			);
			dependencies = (
			);
			name = ScreenEdgeGestureNavigationController;
			productName = ScreenEdgeGestureNavigationController;
			productReference = 8369A01218F845CE006C92C3 /* ScreenEdgeGestureNavigationController.app */;
			productType = "com.apple.product-type.application";
		};
		8369A03218F845CE006C92C3 /* ScreenEdgeGestureNavigationControllerTests */ = {
			isa = PBXNativeTarget;
			buildConfigurationList = 8369A04718F845CE006C92C3 /* Build configuration list for PBXNativeTarget "ScreenEdgeGestureNavigationControllerTests" */;
			buildPhases = (
				8369A02F18F845CE006C92C3 /* Sources */,
				8369A03018F845CE006C92C3 /* Frameworks */,
				8369A03118F845CE006C92C3 /* Resources */,
			);
			buildRules = (
			);
			dependencies = (
				8369A03918F845CE006C92C3 /* PBXTargetDependency */,
			);
			name = ScreenEdgeGestureNavigationControllerTests;
			productName = ScreenEdgeGestureNavigationControllerTests;
			productReference = 8369A03318F845CE006C92C3 /* ScreenEdgeGestureNavigationControllerTests.xctest */;
			productType = "com.apple.product-type.bundle.unit-test";
		};
/* End PBXNativeTarget section */

/* Begin PBXProject section */
		8369A00A18F845CE006C92C3 /* Project object */ = {
			isa = PBXProject;
			attributes = {
				LastUpgradeCheck = 0510;
				ORGANIZATIONNAME = "Robert Ryan";
				TargetAttributes = {
					8369A03218F845CE006C92C3 = {
						TestTargetID = 8369A01118F845CE006C92C3;
					};
				};
			};
			buildConfigurationList = 8369A00D18F845CE006C92C3 /* Build configuration list for PBXProject "ScreenEdgeGestureNavigationController" */;
			compatibilityVersion = "Xcode 3.2";
			developmentRegion = English;
			hasScannedForEncodings = 0;
			knownRegions = (
				en,
				Base,
			);
			mainGroup = 8369A00918F845CE006C92C3;
			productRefGroup = 8369A01318F845CE006C92C3 /* Products */;
			projectDirPath = "";
			projectRoot = "";
			targets = (
				8369A01118F845CE006C92C3 /* ScreenEdgeGestureNavigationController */,
				8369A03218F845CE006C92C3 /* ScreenEdgeGestureNavigationControllerTests */,
			);
		};
/* End PBXProject section */

/* Begin PBXResourcesBuildPhase section */
		8369A01018F845CE006C92C3 /* Resources */ = {
			isa = PBXResourcesBuildPhase;
			buildActionMask = 2147483647;
			files = (
				8369A02E18F845CE006C92C3 /* Images.xcassets in Resources */,
				8369A02018F845CE006C92C3 /* InfoPlist.strings in Resources */,
				8369A02918F845CE006C92C3 /* Main.storyboard in Resources */,
			);
			runOnlyForDeploymentPostprocessing = 0;
		};
		8369A03118F845CE006C92C3 /* Resources */ = {
			isa = PBXResourcesBuildPhase;
			buildActionMask = 2147483647;
			files = (
				8369A03F18F845CE006C92C3 /* InfoPlist.strings in Resources */,
			);
			runOnlyForDeploymentPostprocessing = 0;
		};
/* End PBXResourcesBuildPhase section */

/* Begin PBXSourcesBuildPhase section */
		8369A00E18F845CE006C92C3 /* Sources */ = {
			isa = PBXSourcesBuildPhase;
			buildActionMask = 2147483647;
			files = (
				8369A06B18F851A7006C92C3 /* MainViewController.m in Sources */,
				8369A05F18F84784006C92C3 /* ScreenEdgeGestureNavigationController.m in Sources */,
				8369A07118F854E1006C92C3 /* StandardTwoViewController.m in Sources */,
				8369A05218F84738006C92C3 /* PredeterminedOneViewController.m in Sources */,
				8369A07418F854F9006C92C3 /* StandardThreeViewController.m in Sources */,
				8369A02618F845CE006C92C3 /* AppDelegate.m in Sources */,
				8369A06118F84784006C92C3 /* ScreenEdgeGesturePushAnimator.m in Sources */,
				8369A05118F84738006C92C3 /* NoPredefinedOrderViewController.m in Sources */,
				8369A05318F84738006C92C3 /* PredeterminedTwoViewController.m in Sources */,
				8369A06818F8513A006C92C3 /* PredeterminedThreeViewController.m in Sources */,
				8369A06E18F854CB006C92C3 /* StandardOneViewController.m in Sources */,
				8369A02218F845CE006C92C3 /* main.m in Sources */,
				8369A06218F84784006C92C3 /* ScreenEdgeGestureRecognizer.m in Sources */,
				8369A06018F84784006C92C3 /* ScreenEdgeGesturePopAnimator.m in Sources */,
			);
			runOnlyForDeploymentPostprocessing = 0;
		};
		8369A02F18F845CE006C92C3 /* Sources */ = {
			isa = PBXSourcesBuildPhase;
			buildActionMask = 2147483647;
			files = (
				8369A04118F845CE006C92C3 /* ScreenEdgeGestureNavigationControllerTests.m in Sources */,
			);
			runOnlyForDeploymentPostprocessing = 0;
		};
/* End PBXSourcesBuildPhase section */

/* Begin PBXTargetDependency section */
		8369A03918F845CE006C92C3 /* PBXTargetDependency */ = {
			isa = PBXTargetDependency;
			target = 8369A01118F845CE006C92C3 /* ScreenEdgeGestureNavigationController */;
			targetProxy = 8369A03818F845CE006C92C3 /* PBXContainerItemProxy */;
		};
/* End PBXTargetDependency section */

/* Begin PBXVariantGroup section */
		8369A01E18F845CE006C92C3 /* InfoPlist.strings */ = {
			isa = PBXVariantGroup;
			children = (
				8369A01F18F845CE006C92C3 /* en */,
			);
			name = InfoPlist.strings;
			sourceTree = "<group>";
		};
		8369A02718F845CE006C92C3 /* Main.storyboard */ = {
			isa = PBXVariantGroup;
			children = (
				8369A02818F845CE006C92C3 /* Base */,
			);
			name = Main.storyboard;
			sourceTree = "<group>";
		};
		8369A03D18F845CE006C92C3 /* InfoPlist.strings */ = {
			isa = PBXVariantGroup;
			children = (
				8369A03E18F845CE006C92C3 /* en */,
			);
			name = InfoPlist.strings;
			sourceTree = "<group>";
		};
/* End PBXVariantGroup section */

/* Begin XCBuildConfiguration section */
		8369A04218F845CE006C92C3 /* Debug */ = {
			isa = XCBuildConfiguration;
			buildSettings = {
				ALWAYS_SEARCH_USER_PATHS = NO;
				CLANG_CXX_LANGUAGE_STANDARD = "gnu++0x";
				CLANG_CXX_LIBRARY = "libc++";
				CLANG_ENABLE_MODULES = YES;
				CLANG_ENABLE_OBJC_ARC = YES;
				CLANG_WARN_BOOL_CONVERSION = YES;
				CLANG_WARN_CONSTANT_CONVERSION = YES;
				CLANG_WARN_DIRECT_OBJC_ISA_USAGE = YES_ERROR;
				CLANG_WARN_EMPTY_BODY = YES;
				CLANG_WARN_ENUM_CONVERSION = YES;
				CLANG_WARN_INT_CONVERSION = YES;
				CLANG_WARN_OBJC_ROOT_CLASS = YES_ERROR;
				CLANG_WARN__DUPLICATE_METHOD_MATCH = YES;
				"CODE_SIGN_IDENTITY[sdk=iphoneos*]" = "iPhone Developer";
				COPY_PHASE_STRIP = NO;
				GCC_C_LANGUAGE_STANDARD = gnu99;
				GCC_DYNAMIC_NO_PIC = NO;
				GCC_OPTIMIZATION_LEVEL = 0;
				GCC_PREPROCESSOR_DEFINITIONS = (
					"DEBUG=1",
					"$(inherited)",
				);
				GCC_SYMBOLS_PRIVATE_EXTERN = NO;
				GCC_WARN_64_TO_32_BIT_CONVERSION = YES;
				GCC_WARN_ABOUT_RETURN_TYPE = YES_ERROR;
				GCC_WARN_UNDECLARED_SELECTOR = YES;
				GCC_WARN_UNINITIALIZED_AUTOS = YES_AGGRESSIVE;
				GCC_WARN_UNUSED_FUNCTION = YES;
				GCC_WARN_UNUSED_VARIABLE = YES;
				IPHONEOS_DEPLOYMENT_TARGET = 7.1;
				ONLY_ACTIVE_ARCH = YES;
				SDKROOT = iphoneos;
			};
			name = Debug;
		};
		8369A04318F845CE006C92C3 /* Release */ = {
			isa = XCBuildConfiguration;
			buildSettings = {
				ALWAYS_SEARCH_USER_PATHS = NO;
				CLANG_CXX_LANGUAGE_STANDARD = "gnu++0x";
				CLANG_CXX_LIBRARY = "libc++";
				CLANG_ENABLE_MODULES = YES;
				CLANG_ENABLE_OBJC_ARC = YES;
				CLANG_WARN_BOOL_CONVERSION = YES;
				CLANG_WARN_CONSTANT_CONVERSION = YES;
				CLANG_WARN_DIRECT_OBJC_ISA_USAGE = YES_ERROR;
				CLANG_WARN_EMPTY_BODY = YES;
				CLANG_WARN_ENUM_CONVERSION = YES;
				CLANG_WARN_INT_CONVERSION = YES;
				CLANG_WARN_OBJC_ROOT_CLASS = YES_ERROR;
				CLANG_WARN__DUPLICATE_METHOD_MATCH = YES;
				"CODE_SIGN_IDENTITY[sdk=iphoneos*]" = "iPhone Developer";
				COPY_PHASE_STRIP = YES;
				ENABLE_NS_ASSERTIONS = NO;
				GCC_C_LANGUAGE_STANDARD = gnu99;
				GCC_WARN_64_TO_32_BIT_CONVERSION = YES;
				GCC_WARN_ABOUT_RETURN_TYPE = YES_ERROR;
				GCC_WARN_UNDECLARED_SELECTOR = YES;
				GCC_WARN_UNINITIALIZED_AUTOS = YES_AGGRESSIVE;
				GCC_WARN_UNUSED_FUNCTION = YES;
				GCC_WARN_UNUSED_VARIABLE = YES;
				IPHONEOS_DEPLOYMENT_TARGET = 7.1;
				SDKROOT = iphoneos;
				VALIDATE_PRODUCT = YES;
			};
			name = Release;
		};
		8369A04518F845CE006C92C3 /* Debug */ = {
			isa = XCBuildConfiguration;
			buildSettings = {
				ASSETCATALOG_COMPILER_APPICON_NAME = AppIcon;
				ASSETCATALOG_COMPILER_LAUNCHIMAGE_NAME = LaunchImage;
				GCC_PRECOMPILE_PREFIX_HEADER = YES;
				GCC_PREFIX_HEADER = "ScreenEdgeGestureNavigationController/Demonstration/ScreenEdgeGestureNavigationController-Prefix.pch";
				INFOPLIST_FILE = "ScreenEdgeGestureNavigationController/Demonstration/ScreenEdgeGestureNavigationController-Info.plist";
				PRODUCT_NAME = "$(TARGET_NAME)";
				WRAPPER_EXTENSION = app;
			};
			name = Debug;
		};
		8369A04618F845CE006C92C3 /* Release */ = {
			isa = XCBuildConfiguration;
			buildSettings = {
				ASSETCATALOG_COMPILER_APPICON_NAME = AppIcon;
				ASSETCATALOG_COMPILER_LAUNCHIMAGE_NAME = LaunchImage;
				GCC_PRECOMPILE_PREFIX_HEADER = YES;
				GCC_PREFIX_HEADER = "ScreenEdgeGestureNavigationController/Demonstration/ScreenEdgeGestureNavigationController-Prefix.pch";
				INFOPLIST_FILE = "ScreenEdgeGestureNavigationController/Demonstration/ScreenEdgeGestureNavigationController-Info.plist";
				PRODUCT_NAME = "$(TARGET_NAME)";
				WRAPPER_EXTENSION = app;
			};
			name = Release;
		};
		8369A04818F845CE006C92C3 /* Debug */ = {
			isa = XCBuildConfiguration;
			buildSettings = {
				BUNDLE_LOADER = "$(BUILT_PRODUCTS_DIR)/ScreenEdgeGestureNavigationController.app/ScreenEdgeGestureNavigationController";
				FRAMEWORK_SEARCH_PATHS = (
					"$(SDKROOT)/Developer/Library/Frameworks",
					"$(inherited)",
					"$(DEVELOPER_FRAMEWORKS_DIR)",
				);
				GCC_PRECOMPILE_PREFIX_HEADER = YES;
				GCC_PREFIX_HEADER = "ScreenEdgeGestureNavigationController/ScreenEdgeGestureNavigationController-Prefix.pch";
				GCC_PREPROCESSOR_DEFINITIONS = (
					"DEBUG=1",
					"$(inherited)",
				);
				INFOPLIST_FILE = "ScreenEdgeGestureNavigationControllerTests/ScreenEdgeGestureNavigationControllerTests-Info.plist";
				PRODUCT_NAME = "$(TARGET_NAME)";
				TEST_HOST = "$(BUNDLE_LOADER)";
				WRAPPER_EXTENSION = xctest;
			};
			name = Debug;
		};
		8369A04918F845CE006C92C3 /* Release */ = {
			isa = XCBuildConfiguration;
			buildSettings = {
				BUNDLE_LOADER = "$(BUILT_PRODUCTS_DIR)/ScreenEdgeGestureNavigationController.app/ScreenEdgeGestureNavigationController";
				FRAMEWORK_SEARCH_PATHS = (
					"$(SDKROOT)/Developer/Library/Frameworks",
					"$(inherited)",
					"$(DEVELOPER_FRAMEWORKS_DIR)",
				);
				GCC_PRECOMPILE_PREFIX_HEADER = YES;
				GCC_PREFIX_HEADER = "ScreenEdgeGestureNavigationController/ScreenEdgeGestureNavigationController-Prefix.pch";
				INFOPLIST_FILE = "ScreenEdgeGestureNavigationControllerTests/ScreenEdgeGestureNavigationControllerTests-Info.plist";
				PRODUCT_NAME = "$(TARGET_NAME)";
				TEST_HOST = "$(BUNDLE_LOADER)";
				WRAPPER_EXTENSION = xctest;
			};
			name = Release;
		};
/* End XCBuildConfiguration section */

/* Begin XCConfigurationList section */
		8369A00D18F845CE006C92C3 /* Build configuration list for PBXProject "ScreenEdgeGestureNavigationController" */ = {
			isa = XCConfigurationList;
			buildConfigurations = (
				8369A04218F845CE006C92C3 /* Debug */,
				8369A04318F845CE006C92C3 /* Release */,
			);
			defaultConfigurationIsVisible = 0;
			defaultConfigurationName = Release;
		};
		8369A04418F845CE006C92C3 /* Build configuration list for PBXNativeTarget "ScreenEdgeGestureNavigationController" */ = {
			isa = XCConfigurationList;
			buildConfigurations = (
				8369A04518F845CE006C92C3 /* Debug */,
				8369A04618F845CE006C92C3 /* Release */,
			);
			defaultConfigurationIsVisible = 0;
		};
		8369A04718F845CE006C92C3 /* Build configuration list for PBXNativeTarget "ScreenEdgeGestureNavigationControllerTests" */ = {
			isa = XCConfigurationList;
			buildConfigurations = (
				8369A04818F845CE006C92C3 /* Debug */,
				8369A04918F845CE006C92C3 /* Release */,
			);
			defaultConfigurationIsVisible = 0;
		};
/* End XCConfigurationList section */
	};
	rootObject = 8369A00A18F845CE006C92C3 /* Project object */;
}
